# This file is automatically @generated by Cargo.
# It is not intended for manual editing.
version = 4

[[package]]
name = "arraylist"
version = "0.2.0"
source = "registry+https://github.com/rust-lang/crates.io-index"
checksum = "e9e6d10b45a304cd370ca93f4df90004370bbceea9a484a372c1d6c895955ae6"

[[package]]
name = "simple_getopt"
version = "0.2.1"
dependencies = [
 "arraylist",
]
